
Microsoft Visual Studio Solution File, Format Version 12.00
# Visual Studio 2012
Project("{FAE04EC0-301F-11D3-BF4B-00C04F79EFBC}") = "erzhang", "erzhang\erzhang.csproj", "{9C97D563-6B46-47F8-96B7-0C9769FD7A19}"
EndProject
Project("{2150E333-8FDC-42A3-9474-1A3956D46DE8}") = "第二章", "第二章", "{B6B6FE03-9B4C-4B19-A75A-B11DFB79C2EB}"
EndProject
Project("{FAE04EC0-301F-11D3-BF4B-00C04F79EFBC}") = "MyOffice", "MyOffice\MyOffice.csproj", "{F046F460-FB33-4C14-9BAD-F41CBBCBEBC4}"
EndProject
Project("{FAE04EC0-301F-11D3-BF4B-00C04F79EFBC}") = "Day02_0700ManagerScore", "..\..\Day02_0700ManagerScore\Day02_0700ManagerScore.csproj", "{B676EFA4-2527-4F21-9550-CBE0D4335285}"
EndProject
Project("{2150E333-8FDC-42A3-9474-1A3956D46DE8}") = "第四章", "第四章", "{18F63E12-9522-4F8F-B288-A1D440FF7FB4}"
EndProject
Project("{2150E333-8FDC-42A3-9474-1A3956D46DE8}") = "第五章", "第五章", "{4374C33D-01AB-468B-9D65-823A79A97743}"
EndProject
Project("{FAE04EC0-301F-11D3-BF4B-00C04F79EFBC}") = "li6", "li6\li6.csproj", "{46BD56A5-099A-4016-8BC1-4E2CEE1A819B}"
EndProject
Project("{2150E333-8FDC-42A3-9474-1A3956D46DE8}") = "第三章", "第三章", "{AF30A829-4F9F-412C-BB9B-4AA6E4F2FF95}"
EndProject
Project("{FAE04EC0-301F-11D3-BF4B-00C04F79EFBC}") = "li13", "li13\li13.csproj", "{D8D1C229-B080-4D81-9948-7D93DDCD3020}"
EndProject
Project("{FAE04EC0-301F-11D3-BF4B-00C04F79EFBC}") = "sjlx1", "sjlx1\sjlx1.csproj", "{AB4BF1DC-8B7D-4A20-8C80-E0DE0FCFFE1B}"
EndProject
Project("{FAE04EC0-301F-11D3-BF4B-00C04F79EFBC}") = "li14", "li14\li14.csproj", "{77463B6B-1FB0-4669-B36C-ED51881471E0}"
EndProject
Project("{FAE04EC0-301F-11D3-BF4B-00C04F79EFBC}") = "keyvalue", "keyvalue\keyvalue.csproj", "{12597D05-1F88-445F-80EF-F84297F88387}"
EndProject
Project("{FAE04EC0-301F-11D3-BF4B-00C04F79EFBC}") = "体检", "体检\体检.csproj", "{080FFF9C-6B68-43F9-A7D8-7D565A8D8536}"
EndProject
Project("{2150E333-8FDC-42A3-9474-1A3956D46DE8}") = "第六章", "第六章", "{F60777FD-68FB-4794-A173-BCC0757A13A0}"
EndProject
Project("{FAE04EC0-301F-11D3-BF4B-00C04F79EFBC}") = "ConsoleApplication2", "ConsoleApplication2\ConsoleApplication2.csproj", "{DF3B4B0E-6D99-4CB3-A9A2-840647729A85}"
EndProject
Project("{FAE04EC0-301F-11D3-BF4B-00C04F79EFBC}") = "ConsoleApplication3", "ConsoleApplication3\ConsoleApplication3.csproj", "{EBCF865D-68EA-4665-89F7-E8423B39E17B}"
EndProject
Project("{FAE04EC0-301F-11D3-BF4B-00C04F79EFBC}") = "li3", "li3\li3.csproj", "{16E4D26A-9CEA-4C8A-AAD3-9A661AED9B66}"
EndProject
Project("{FAE04EC0-301F-11D3-BF4B-00C04F79EFBC}") = "li4", "li4\li4.csproj", "{61C36D9B-5AF0-4B93-AFFD-DBC31BC38306}"
EndProject
Project("{FAE04EC0-301F-11D3-BF4B-00C04F79EFBC}") = "car", "car\car.csproj", "{1C4656D3-AAB2-4B13-AF1D-053F91A56380}"
EndProject
Project("{FAE04EC0-301F-11D3-BF4B-00C04F79EFBC}") = "li7", "li7\li7.csproj", "{54588FFD-E5D2-47EA-B585-03E612C212D5}"
EndProject
Project("{2150E333-8FDC-42A3-9474-1A3956D46DE8}") = "第七章", "第七章", "{D241372D-743D-46B0-A2E2-281F0D1ACA9E}"
EndProject
Project("{FAE04EC0-301F-11D3-BF4B-00C04F79EFBC}") = "WindowsFormsApplication3", "WindowsFormsApplication3\WindowsFormsApplication3.csproj", "{23EF8380-1562-4337-A4C2-B677EE4AB3B0}"
EndProject
Project("{FAE04EC0-301F-11D3-BF4B-00C04F79EFBC}") = "TrafficTool", "TrafficTool\TrafficTool.csproj", "{C91D82AB-CFA9-4F48-B9F1-B0545D178130}"
EndProject
Project("{FAE04EC0-301F-11D3-BF4B-00C04F79EFBC}") = "music", "music\music.csproj", "{2E0A6021-21EF-440D-A82D-E9111A8F5D3D}"
EndProject
Project("{FAE04EC0-301F-11D3-BF4B-00C04F79EFBC}") = "A", "A\A.csproj", "{BE665A7D-10E3-4E66-8E07-BF7700B534CC}"
EndProject
Global
	GlobalSection(SolutionConfigurationPlatforms) = preSolution
		Debug|Any CPU = Debug|Any CPU
		Release|Any CPU = Release|Any CPU
	EndGlobalSection
	GlobalSection(ProjectConfigurationPlatforms) = postSolution
		{9C97D563-6B46-47F8-96B7-0C9769FD7A19}.Debug|Any CPU.ActiveCfg = Debug|Any CPU
		{9C97D563-6B46-47F8-96B7-0C9769FD7A19}.Debug|Any CPU.Build.0 = Debug|Any CPU
		{9C97D563-6B46-47F8-96B7-0C9769FD7A19}.Release|Any CPU.ActiveCfg = Release|Any CPU
		{9C97D563-6B46-47F8-96B7-0C9769FD7A19}.Release|Any CPU.Build.0 = Release|Any CPU
		{F046F460-FB33-4C14-9BAD-F41CBBCBEBC4}.Debug|Any CPU.ActiveCfg = Debug|Any CPU
		{F046F460-FB33-4C14-9BAD-F41CBBCBEBC4}.Debug|Any CPU.Build.0 = Debug|Any CPU
		{F046F460-FB33-4C14-9BAD-F41CBBCBEBC4}.Release|Any CPU.ActiveCfg = Release|Any CPU
		{F046F460-FB33-4C14-9BAD-F41CBBCBEBC4}.Release|Any CPU.Build.0 = Release|Any CPU
		{B676EFA4-2527-4F21-9550-CBE0D4335285}.Debug|Any CPU.ActiveCfg = Debug|Any CPU
		{B676EFA4-2527-4F21-9550-CBE0D4335285}.Debug|Any CPU.Build.0 = Debug|Any CPU
		{B676EFA4-2527-4F21-9550-CBE0D4335285}.Release|Any CPU.ActiveCfg = Release|Any CPU
		{B676EFA4-2527-4F21-9550-CBE0D4335285}.Release|Any CPU.Build.0 = Release|Any CPU
		{46BD56A5-099A-4016-8BC1-4E2CEE1A819B}.Debug|Any CPU.ActiveCfg = Debug|Any CPU
		{46BD56A5-099A-4016-8BC1-4E2CEE1A819B}.Debug|Any CPU.Build.0 = Debug|Any CPU
		{46BD56A5-099A-4016-8BC1-4E2CEE1A819B}.Release|Any CPU.ActiveCfg = Release|Any CPU
		{46BD56A5-099A-4016-8BC1-4E2CEE1A819B}.Release|Any CPU.Build.0 = Release|Any CPU
		{D8D1C229-B080-4D81-9948-7D93DDCD3020}.Debug|Any CPU.ActiveCfg = Debug|Any CPU
		{D8D1C229-B080-4D81-9948-7D93DDCD3020}.Debug|Any CPU.Build.0 = Debug|Any CPU
		{D8D1C229-B080-4D81-9948-7D93DDCD3020}.Release|Any CPU.ActiveCfg = Release|Any CPU
		{D8D1C229-B080-4D81-9948-7D93DDCD3020}.Release|Any CPU.Build.0 = Release|Any CPU
		{AB4BF1DC-8B7D-4A20-8C80-E0DE0FCFFE1B}.Debug|Any CPU.ActiveCfg = Debug|Any CPU
		{AB4BF1DC-8B7D-4A20-8C80-E0DE0FCFFE1B}.Debug|Any CPU.Build.0 = Debug|Any CPU
		{AB4BF1DC-8B7D-4A20-8C80-E0DE0FCFFE1B}.Release|Any CPU.ActiveCfg = Release|Any CPU
		{AB4BF1DC-8B7D-4A20-8C80-E0DE0FCFFE1B}.Release|Any CPU.Build.0 = Release|Any CPU
		{77463B6B-1FB0-4669-B36C-ED51881471E0}.Debug|Any CPU.ActiveCfg = Debug|Any CPU
		{77463B6B-1FB0-4669-B36C-ED51881471E0}.Debug|Any CPU.Build.0 = Debug|Any CPU
		{77463B6B-1FB0-4669-B36C-ED51881471E0}.Release|Any CPU.ActiveCfg = Release|Any CPU
		{77463B6B-1FB0-4669-B36C-ED51881471E0}.Release|Any CPU.Build.0 = Release|Any CPU
		{12597D05-1F88-445F-80EF-F84297F88387}.Debug|Any CPU.ActiveCfg = Debug|Any CPU
		{12597D05-1F88-445F-80EF-F84297F88387}.Debug|Any CPU.Build.0 = Debug|Any CPU
		{12597D05-1F88-445F-80EF-F84297F88387}.Release|Any CPU.ActiveCfg = Release|Any CPU
		{12597D05-1F88-445F-80EF-F84297F88387}.Release|Any CPU.Build.0 = Release|Any CPU
		{080FFF9C-6B68-43F9-A7D8-7D565A8D8536}.Debug|Any CPU.ActiveCfg = Debug|Any CPU
		{080FFF9C-6B68-43F9-A7D8-7D565A8D8536}.Debug|Any CPU.Build.0 = Debug|Any CPU
		{080FFF9C-6B68-43F9-A7D8-7D565A8D8536}.Release|Any CPU.ActiveCfg = Release|Any CPU
		{080FFF9C-6B68-43F9-A7D8-7D565A8D8536}.Release|Any CPU.Build.0 = Release|Any CPU
		{DF3B4B0E-6D99-4CB3-A9A2-840647729A85}.Debug|Any CPU.ActiveCfg = Debug|Any CPU
		{DF3B4B0E-6D99-4CB3-A9A2-840647729A85}.Debug|Any CPU.Build.0 = Debug|Any CPU
		{DF3B4B0E-6D99-4CB3-A9A2-840647729A85}.Release|Any CPU.ActiveCfg = Release|Any CPU
		{DF3B4B0E-6D99-4CB3-A9A2-840647729A85}.Release|Any CPU.Build.0 = Release|Any CPU
		{EBCF865D-68EA-4665-89F7-E8423B39E17B}.Debug|Any CPU.ActiveCfg = Debug|Any CPU
		{EBCF865D-68EA-4665-89F7-E8423B39E17B}.Debug|Any CPU.Build.0 = Debug|Any CPU
		{EBCF865D-68EA-4665-89F7-E8423B39E17B}.Release|Any CPU.ActiveCfg = Release|Any CPU
		{EBCF865D-68EA-4665-89F7-E8423B39E17B}.Release|Any CPU.Build.0 = Release|Any CPU
		{16E4D26A-9CEA-4C8A-AAD3-9A661AED9B66}.Debug|Any CPU.ActiveCfg = Debug|Any CPU
		{16E4D26A-9CEA-4C8A-AAD3-9A661AED9B66}.Debug|Any CPU.Build.0 = Debug|Any CPU
		{16E4D26A-9CEA-4C8A-AAD3-9A661AED9B66}.Release|Any CPU.ActiveCfg = Release|Any CPU
		{16E4D26A-9CEA-4C8A-AAD3-9A661AED9B66}.Release|Any CPU.Build.0 = Release|Any CPU
		{61C36D9B-5AF0-4B93-AFFD-DBC31BC38306}.Debug|Any CPU.ActiveCfg = Debug|Any CPU
		{61C36D9B-5AF0-4B93-AFFD-DBC31BC38306}.Debug|Any CPU.Build.0 = Debug|Any CPU
		{61C36D9B-5AF0-4B93-AFFD-DBC31BC38306}.Release|Any CPU.ActiveCfg = Release|Any CPU
		{61C36D9B-5AF0-4B93-AFFD-DBC31BC38306}.Release|Any CPU.Build.0 = Release|Any CPU
		{1C4656D3-AAB2-4B13-AF1D-053F91A56380}.Debug|Any CPU.ActiveCfg = Debug|Any CPU
		{1C4656D3-AAB2-4B13-AF1D-053F91A56380}.Debug|Any CPU.Build.0 = Debug|Any CPU
		{1C4656D3-AAB2-4B13-AF1D-053F91A56380}.Release|Any CPU.ActiveCfg = Release|Any CPU
		{1C4656D3-AAB2-4B13-AF1D-053F91A56380}.Release|Any CPU.Build.0 = Release|Any CPU
		{54588FFD-E5D2-47EA-B585-03E612C212D5}.Debug|Any CPU.ActiveCfg = Debug|Any CPU
		{54588FFD-E5D2-47EA-B585-03E612C212D5}.Debug|Any CPU.Build.0 = Debug|Any CPU
		{54588FFD-E5D2-47EA-B585-03E612C212D5}.Release|Any CPU.ActiveCfg = Release|Any CPU
		{54588FFD-E5D2-47EA-B585-03E612C212D5}.Release|Any CPU.Build.0 = Release|Any CPU
		{23EF8380-1562-4337-A4C2-B677EE4AB3B0}.Debug|Any CPU.ActiveCfg = Debug|Any CPU
		{23EF8380-1562-4337-A4C2-B677EE4AB3B0}.Debug|Any CPU.Build.0 = Debug|Any CPU
		{23EF8380-1562-4337-A4C2-B677EE4AB3B0}.Release|Any CPU.ActiveCfg = Release|Any CPU
		{23EF8380-1562-4337-A4C2-B677EE4AB3B0}.Release|Any CPU.Build.0 = Release|Any CPU
		{C91D82AB-CFA9-4F48-B9F1-B0545D178130}.Debug|Any CPU.ActiveCfg = Debug|Any CPU
		{C91D82AB-CFA9-4F48-B9F1-B0545D178130}.Debug|Any CPU.Build.0 = Debug|Any CPU
		{C91D82AB-CFA9-4F48-B9F1-B0545D178130}.Release|Any CPU.ActiveCfg = Release|Any CPU
		{C91D82AB-CFA9-4F48-B9F1-B0545D178130}.Release|Any CPU.Build.0 = Release|Any CPU
		{2E0A6021-21EF-440D-A82D-E9111A8F5D3D}.Debug|Any CPU.ActiveCfg = Debug|Any CPU
		{2E0A6021-21EF-440D-A82D-E9111A8F5D3D}.Debug|Any CPU.Build.0 = Debug|Any CPU
		{2E0A6021-21EF-440D-A82D-E9111A8F5D3D}.Release|Any CPU.ActiveCfg = Release|Any CPU
		{2E0A6021-21EF-440D-A82D-E9111A8F5D3D}.Release|Any CPU.Build.0 = Release|Any CPU
		{BE665A7D-10E3-4E66-8E07-BF7700B534CC}.Debug|Any CPU.ActiveCfg = Debug|Any CPU
		{BE665A7D-10E3-4E66-8E07-BF7700B534CC}.Debug|Any CPU.Build.0 = Debug|Any CPU
		{BE665A7D-10E3-4E66-8E07-BF7700B534CC}.Release|Any CPU.ActiveCfg = Release|Any CPU
		{BE665A7D-10E3-4E66-8E07-BF7700B534CC}.Release|Any CPU.Build.0 = Release|Any CPU
	EndGlobalSection
	GlobalSection(SolutionProperties) = preSolution
		HideSolutionNode = FALSE
	EndGlobalSection
	GlobalSection(NestedProjects) = preSolution
		{9C97D563-6B46-47F8-96B7-0C9769FD7A19} = {B6B6FE03-9B4C-4B19-A75A-B11DFB79C2EB}
		{F046F460-FB33-4C14-9BAD-F41CBBCBEBC4} = {B6B6FE03-9B4C-4B19-A75A-B11DFB79C2EB}
		{B676EFA4-2527-4F21-9550-CBE0D4335285} = {B6B6FE03-9B4C-4B19-A75A-B11DFB79C2EB}
		{46BD56A5-099A-4016-8BC1-4E2CEE1A819B} = {18F63E12-9522-4F8F-B288-A1D440FF7FB4}
		{080FFF9C-6B68-43F9-A7D8-7D565A8D8536} = {4374C33D-01AB-468B-9D65-823A79A97743}
		{D8D1C229-B080-4D81-9948-7D93DDCD3020} = {AF30A829-4F9F-412C-BB9B-4AA6E4F2FF95}
		{AB4BF1DC-8B7D-4A20-8C80-E0DE0FCFFE1B} = {AF30A829-4F9F-412C-BB9B-4AA6E4F2FF95}
		{77463B6B-1FB0-4669-B36C-ED51881471E0} = {AF30A829-4F9F-412C-BB9B-4AA6E4F2FF95}
		{12597D05-1F88-445F-80EF-F84297F88387} = {AF30A829-4F9F-412C-BB9B-4AA6E4F2FF95}
		{DF3B4B0E-6D99-4CB3-A9A2-840647729A85} = {F60777FD-68FB-4794-A173-BCC0757A13A0}
		{EBCF865D-68EA-4665-89F7-E8423B39E17B} = {F60777FD-68FB-4794-A173-BCC0757A13A0}
		{16E4D26A-9CEA-4C8A-AAD3-9A661AED9B66} = {F60777FD-68FB-4794-A173-BCC0757A13A0}
		{61C36D9B-5AF0-4B93-AFFD-DBC31BC38306} = {F60777FD-68FB-4794-A173-BCC0757A13A0}
		{1C4656D3-AAB2-4B13-AF1D-053F91A56380} = {F60777FD-68FB-4794-A173-BCC0757A13A0}
		{54588FFD-E5D2-47EA-B585-03E612C212D5} = {F60777FD-68FB-4794-A173-BCC0757A13A0}
		{23EF8380-1562-4337-A4C2-B677EE4AB3B0} = {D241372D-743D-46B0-A2E2-281F0D1ACA9E}
		{C91D82AB-CFA9-4F48-B9F1-B0545D178130} = {D241372D-743D-46B0-A2E2-281F0D1ACA9E}
		{2E0A6021-21EF-440D-A82D-E9111A8F5D3D} = {D241372D-743D-46B0-A2E2-281F0D1ACA9E}
		{BE665A7D-10E3-4E66-8E07-BF7700B534CC} = {D241372D-743D-46B0-A2E2-281F0D1ACA9E}
	EndGlobalSection
EndGlobal
